
Microsoft Visual Studio Solution File, Format Version 12.00
# Visual Studio Version 17
VisualStudioVersion = 17.7.34003.232
MinimumVisualStudioVersion = 10.0.40219.1
Project("{FAE04EC0-301F-11D3-BF4B-00C04F79EFBC}") = "HastaRandevu.Web", "HastaRandevu.Web\HastaRandevu.Web.csproj", "{1DC3DC83-0738-4A37-BAE8-ECA900BFD385}"
EndProject
Project("{FAE04EC0-301F-11D3-BF4B-00C04F79EFBC}") = "HastaRandevu.Entity", "HastaRandevu.Entity\HastaRandevu.Entity.csproj", "{ED995407-07C8-4A72-A683-DB73ED421B73}"
EndProject
Project("{FAE04EC0-301F-11D3-BF4B-00C04F79EFBC}") = "HastaRandevu.Data", "HastaRandevu.Data\HastaRandevu.Data.csproj", "{93CF2F4E-9D19-428C-8DFD-56264FA2127D}"
EndProject
Project("{FAE04EC0-301F-11D3-BF4B-00C04F79EFBC}") = "HastaRandevu.Business", "HastaRandevu.Business\HastaRandevu.Business.csproj", "{8EC53966-22F3-47F7-93DB-5B4558EEA47D}"
EndProject
Global
	GlobalSection(SolutionConfigurationPlatforms) = preSolution
		Debug|Any CPU = Debug|Any CPU
		Release|Any CPU = Release|Any CPU
	EndGlobalSection
	GlobalSection(ProjectConfigurationPlatforms) = postSolution
		{1DC3DC83-0738-4A37-BAE8-ECA900BFD385}.Debug|Any CPU.ActiveCfg = Debug|Any CPU
		{1DC3DC83-0738-4A37-BAE8-ECA900BFD385}.Debug|Any CPU.Build.0 = Debug|Any CPU
		{1DC3DC83-0738-4A37-BAE8-ECA900BFD385}.Release|Any CPU.ActiveCfg = Release|Any CPU
		{1DC3DC83-0738-4A37-BAE8-ECA900BFD385}.Release|Any CPU.Build.0 = Release|Any CPU
		{ED995407-07C8-4A72-A683-DB73ED421B73}.Debug|Any CPU.ActiveCfg = Debug|Any CPU
		{ED995407-07C8-4A72-A683-DB73ED421B73}.Debug|Any CPU.Build.0 = Debug|Any CPU
		{ED995407-07C8-4A72-A683-DB73ED421B73}.Release|Any CPU.ActiveCfg = Release|Any CPU
		{ED995407-07C8-4A72-A683-DB73ED421B73}.Release|Any CPU.Build.0 = Release|Any CPU
		{93CF2F4E-9D19-428C-8DFD-56264FA2127D}.Debug|Any CPU.ActiveCfg = Debug|Any CPU
		{93CF2F4E-9D19-428C-8DFD-56264FA2127D}.Debug|Any CPU.Build.0 = Debug|Any CPU
		{93CF2F4E-9D19-428C-8DFD-56264FA2127D}.Release|Any CPU.ActiveCfg = Release|Any CPU
		{93CF2F4E-9D19-428C-8DFD-56264FA2127D}.Release|Any CPU.Build.0 = Release|Any CPU
		{8EC53966-22F3-47F7-93DB-5B4558EEA47D}.Debug|Any CPU.ActiveCfg = Debug|Any CPU
		{8EC53966-22F3-47F7-93DB-5B4558EEA47D}.Debug|Any CPU.Build.0 = Debug|Any CPU
		{8EC53966-22F3-47F7-93DB-5B4558EEA47D}.Release|Any CPU.ActiveCfg = Release|Any CPU
		{8EC53966-22F3-47F7-93DB-5B4558EEA47D}.Release|Any CPU.Build.0 = Release|Any CPU
	EndGlobalSection
	GlobalSection(SolutionProperties) = preSolution
		HideSolutionNode = FALSE
	EndGlobalSection
	GlobalSection(ExtensibilityGlobals) = postSolution
		SolutionGuid = {D261F540-EE14-4BB4-9AAD-096BEF2748B7}
	EndGlobalSection
EndGlobal
